github.com/ajg/form v1.5.1 h1:t9c7v8JUKu/XxOGBU0yjNpaMloxGEJhUkqFRq0ibGeU=
github.com/ajg/form v1.5.1/go.mod h1:uL1WgH+h2mgNtvBq0339dVnzXdBETtL2LeUXaIv25UY=
github.com/enverbisevac/render v0.1.2 h1:Q/0n06JuuAv7gkUBCmA5smQxtXU0OpPsuW7AreMMZEY=
github.com/enverbisevac/render v0.1.2/go.mod h1:SjZtEQ0tN/rglV/4r1kCSbhpfhEs1XuLcYxLnY+3haM=
github.com/goccy/go-json v0.9.11 h1:/pAaQDLHEoCq/5FFmSKBswWmK6H0e8g4159Kc/X/nqk=
github.com/goccy/go-json v0.9.11/go.mod h1:6MelG93GURQebXPDq3khkgXZkazVtN9CRI+MGFi0w8I=
